
Microsoft Visual Studio Solution File, Format Version 12.00
# Visual Studio Version 17
Project("{2150E333-8FDC-42A3-9474-1A3956D46DE8}") = "CMakePredefinedTargets", "CMakePredefinedTargets", "{D6C7CABA-5C2F-3826-8B6E-AB0CCBA4D36B}"
EndProject
Project("{2150E333-8FDC-42A3-9474-1A3956D46DE8}") = "GLFW3", "GLFW3", "{E30EFE46-BF5D-3A5D-BC2D-32602CE18C1B}"
EndProject
Project("{2150E333-8FDC-42A3-9474-1A3956D46DE8}") = "Examples", "GLFW3\Examples", "{B5BE43D3-DC32-3577-8986-1692F51B0E9D}"
EndProject
Project("{2150E333-8FDC-42A3-9474-1A3956D46DE8}") = "Tests", "GLFW3\Tests", "{3131403C-CA34-3B83-AF8D-3FDDDCEF5617}"
EndProject
Project("{8BC9CEB8-8B4A-11D0-8D11-00A0C91BC942}") = "ALL_BUILD", "ALL_BUILD.vcxproj", "{803671B4-FFB7-358F-ADF2-C104452A9CB6}"
	ProjectSection(ProjectDependencies) = postProject
		{801D98A7-8336-37BB-B80A-FDD39A763746} = {801D98A7-8336-37BB-B80A-FDD39A763746}
		{65E6D856-ECDF-3424-B6C2-FE845BC4D6DB} = {65E6D856-ECDF-3424-B6C2-FE845BC4D6DB}
		{50998DCF-8A77-3EA5-8906-601FB659C00D} = {50998DCF-8A77-3EA5-8906-601FB659C00D}
		{1B9C94E5-F22C-394A-8241-E320FEA7A896} = {1B9C94E5-F22C-394A-8241-E320FEA7A896}
		{CAA47AEA-60E2-3DBB-B98C-F1D4AA426A1E} = {CAA47AEA-60E2-3DBB-B98C-F1D4AA426A1E}
		{3F1937CD-5595-37F3-9EF0-7471FD52E919} = {3F1937CD-5595-37F3-9EF0-7471FD52E919}
		{7B546079-2651-3C6A-9B08-881DB365D20C} = {7B546079-2651-3C6A-9B08-881DB365D20C}
		{20E1E506-9033-3159-AA10-27930BCA5928} = {20E1E506-9033-3159-AA10-27930BCA5928}
		{EA1E3F62-43EA-39F9-B752-05B9D23AFF4A} = {EA1E3F62-43EA-39F9-B752-05B9D23AFF4A}
		{3CEF3539-3005-3E27-9C15-C39AF6B57822} = {3CEF3539-3005-3E27-9C15-C39AF6B57822}
		{FC962E8A-540F-347D-9C76-B12BC40591D7} = {FC962E8A-540F-347D-9C76-B12BC40591D7}
		{E23CF094-70A8-3E79-88EF-4B00DBA29810} = {E23CF094-70A8-3E79-88EF-4B00DBA29810}
		{075C900F-8D22-33A5-8FF1-0DDFD6DA1797} = {075C900F-8D22-33A5-8FF1-0DDFD6DA1797}
		{CD719BA4-8F65-3A6C-BC3F-DA60EAC2DDD4} = {CD719BA4-8F65-3A6C-BC3F-DA60EAC2DDD4}
		{3F64A679-542F-3783-96F5-D8BCFFDBC0E1} = {3F64A679-542F-3783-96F5-D8BCFFDBC0E1}
		{1DAA753F-5A97-387E-A4C5-1DCEF27AD92B} = {1DAA753F-5A97-387E-A4C5-1DCEF27AD92B}
		{C98B706E-9C11-3A0E-84F4-4CAF40BD383E} = {C98B706E-9C11-3A0E-84F4-4CAF40BD383E}
		{450C8924-9CEB-3F2D-8689-5225CDADD0E5} = {450C8924-9CEB-3F2D-8689-5225CDADD0E5}
		{355D60ED-EF33-3C02-8FAD-83FF76B70805} = {355D60ED-EF33-3C02-8FAD-83FF76B70805}
		{16E2358A-335D-3BCB-B374-ACAA83AE5D55} = {16E2358A-335D-3BCB-B374-ACAA83AE5D55}
		{C5EA4889-2A3A-3B8A-BD6A-FA0EFB0C9C02} = {C5EA4889-2A3A-3B8A-BD6A-FA0EFB0C9C02}
		{BFA1B5A1-A302-3D30-A6F7-B324AA413A28} = {BFA1B5A1-A302-3D30-A6F7-B324AA413A28}
		{DDFBB901-C763-3EC8-9096-75FDCFF1D3C6} = {DDFBB901-C763-3EC8-9096-75FDCFF1D3C6}
		{91E3B9FD-A318-3A77-BD25-CECCB37E4526} = {91E3B9FD-A318-3A77-BD25-CECCB37E4526}
		{E23B9F9E-3732-3202-8A1B-B4BD3042DC9E} = {E23B9F9E-3732-3202-8A1B-B4BD3042DC9E}
		{9E62270E-3429-3C1A-A380-BEEAD2D382D3} = {9E62270E-3429-3C1A-A380-BEEAD2D382D3}
		{671D78E9-EC46-3D5A-B265-6E7FC231EDFA} = {671D78E9-EC46-3D5A-B265-6E7FC231EDFA}
		{142688E3-530A-3EA5-992E-997327FD878A} = {142688E3-530A-3EA5-992E-997327FD878A}
		{4154B98F-8E14-377D-9CE5-97243EDB563A} = {4154B98F-8E14-377D-9CE5-97243EDB563A}
		{2950E763-CD53-33CF-9B23-E37F1DA45018} = {2950E763-CD53-33CF-9B23-E37F1DA45018}
		{C5DBEB00-870D-3DC3-9669-44575E932B4D} = {C5DBEB00-870D-3DC3-9669-44575E932B4D}
		{5C257296-DB54-32D7-ACAC-B2F9AC0A53C1} = {5C257296-DB54-32D7-ACAC-B2F9AC0A53C1}
		{F850D84F-436D-336B-80B8-6C38B2314883} = {F850D84F-436D-336B-80B8-6C38B2314883}
	EndProjectSection
EndProject
Project("{8BC9CEB8-8B4A-11D0-8D11-00A0C91BC942}") = "INSTALL", "INSTALL.vcxproj", "{34BDC7C3-BE7F-30F4-9C32-70498AD35A9E}"
	ProjectSection(ProjectDependencies) = postProject
		{803671B4-FFB7-358F-ADF2-C104452A9CB6} = {803671B4-FFB7-358F-ADF2-C104452A9CB6}
		{801D98A7-8336-37BB-B80A-FDD39A763746} = {801D98A7-8336-37BB-B80A-FDD39A763746}
	EndProjectSection
EndProject
Project("{8BC9CEB8-8B4A-11D0-8D11-00A0C91BC942}") = "ZERO_CHECK", "ZERO_CHECK.vcxproj", "{801D98A7-8336-37BB-B80A-FDD39A763746}"
	ProjectSection(ProjectDependencies) = postProject
	EndProjectSection
EndProject
Project("{8BC9CEB8-8B4A-11D0-8D11-00A0C91BC942}") = "allocator", "tests\allocator.vcxproj", "{65E6D856-ECDF-3424-B6C2-FE845BC4D6DB}"
	ProjectSection(ProjectDependencies) = postProject
		{801D98A7-8336-37BB-B80A-FDD39A763746} = {801D98A7-8336-37BB-B80A-FDD39A763746}
		{3CEF3539-3005-3E27-9C15-C39AF6B57822} = {3CEF3539-3005-3E27-9C15-C39AF6B57822}
	EndProjectSection
EndProject
Project("{8BC9CEB8-8B4A-11D0-8D11-00A0C91BC942}") = "boing", "examples\boing.vcxproj", "{50998DCF-8A77-3EA5-8906-601FB659C00D}"
	ProjectSection(ProjectDependencies) = postProject
		{801D98A7-8336-37BB-B80A-FDD39A763746} = {801D98A7-8336-37BB-B80A-FDD39A763746}
		{3CEF3539-3005-3E27-9C15-C39AF6B57822} = {3CEF3539-3005-3E27-9C15-C39AF6B57822}
	EndProjectSection
EndProject
Project("{8BC9CEB8-8B4A-11D0-8D11-00A0C91BC942}") = "clipboard", "tests\clipboard.vcxproj", "{1B9C94E5-F22C-394A-8241-E320FEA7A896}"
	ProjectSection(ProjectDependencies) = postProject
		{801D98A7-8336-37BB-B80A-FDD39A763746} = {801D98A7-8336-37BB-B80A-FDD39A763746}
		{3CEF3539-3005-3E27-9C15-C39AF6B57822} = {3CEF3539-3005-3E27-9C15-C39AF6B57822}
	EndProjectSection
EndProject
Project("{8BC9CEB8-8B4A-11D0-8D11-00A0C91BC942}") = "cursor", "tests\cursor.vcxproj", "{CAA47AEA-60E2-3DBB-B98C-F1D4AA426A1E}"
	ProjectSection(ProjectDependencies) = postProject
		{801D98A7-8336-37BB-B80A-FDD39A763746} = {801D98A7-8336-37BB-B80A-FDD39A763746}
		{3CEF3539-3005-3E27-9C15-C39AF6B57822} = {3CEF3539-3005-3E27-9C15-C39AF6B57822}
	EndProjectSection
EndProject
Project("{8BC9CEB8-8B4A-11D0-8D11-00A0C91BC942}") = "empty", "tests\empty.vcxproj", "{3F1937CD-5595-37F3-9EF0-7471FD52E919}"
	ProjectSection(ProjectDependencies) = postProject
		{801D98A7-8336-37BB-B80A-FDD39A763746} = {801D98A7-8336-37BB-B80A-FDD39A763746}
		{3CEF3539-3005-3E27-9C15-C39AF6B57822} = {3CEF3539-3005-3E27-9C15-C39AF6B57822}
	EndProjectSection
EndProject
Project("{8BC9CEB8-8B4A-11D0-8D11-00A0C91BC942}") = "events", "tests\events.vcxproj", "{7B546079-2651-3C6A-9B08-881DB365D20C}"
	ProjectSection(ProjectDependencies) = postProject
		{801D98A7-8336-37BB-B80A-FDD39A763746} = {801D98A7-8336-37BB-B80A-FDD39A763746}
		{3CEF3539-3005-3E27-9C15-C39AF6B57822} = {3CEF3539-3005-3E27-9C15-C39AF6B57822}
	EndProjectSection
EndProject
Project("{8BC9CEB8-8B4A-11D0-8D11-00A0C91BC942}") = "gamma", "tests\gamma.vcxproj", "{20E1E506-9033-3159-AA10-27930BCA5928}"
	ProjectSection(ProjectDependencies) = postProject
		{801D98A7-8336-37BB-B80A-FDD39A763746} = {801D98A7-8336-37BB-B80A-FDD39A763746}
		{3CEF3539-3005-3E27-9C15-C39AF6B57822} = {3CEF3539-3005-3E27-9C15-C39AF6B57822}
	EndProjectSection
EndProject
Project("{8BC9CEB8-8B4A-11D0-8D11-00A0C91BC942}") = "gears", "examples\gears.vcxproj", "{EA1E3F62-43EA-39F9-B752-05B9D23AFF4A}"
	ProjectSection(ProjectDependencies) = postProject
		{801D98A7-8336-37BB-B80A-FDD39A763746} = {801D98A7-8336-37BB-B80A-FDD39A763746}
		{3CEF3539-3005-3E27-9C15-C39AF6B57822} = {3CEF3539-3005-3E27-9C15-C39AF6B57822}
	EndProjectSection
EndProject
Project("{8BC9CEB8-8B4A-11D0-8D11-00A0C91BC942}") = "glfw", "src\glfw.vcxproj", "{3CEF3539-3005-3E27-9C15-C39AF6B57822}"
	ProjectSection(ProjectDependencies) = postProject
		{801D98A7-8336-37BB-B80A-FDD39A763746} = {801D98A7-8336-37BB-B80A-FDD39A763746}
	EndProjectSection
EndProject
Project("{8BC9CEB8-8B4A-11D0-8D11-00A0C91BC942}") = "glfwinfo", "tests\glfwinfo.vcxproj", "{FC962E8A-540F-347D-9C76-B12BC40591D7}"
	ProjectSection(ProjectDependencies) = postProject
		{801D98A7-8336-37BB-B80A-FDD39A763746} = {801D98A7-8336-37BB-B80A-FDD39A763746}
		{3CEF3539-3005-3E27-9C15-C39AF6B57822} = {3CEF3539-3005-3E27-9C15-C39AF6B57822}
	EndProjectSection
EndProject
Project("{8BC9CEB8-8B4A-11D0-8D11-00A0C91BC942}") = "heightmap", "examples\heightmap.vcxproj", "{E23CF094-70A8-3E79-88EF-4B00DBA29810}"
	ProjectSection(ProjectDependencies) = postProject
		{801D98A7-8336-37BB-B80A-FDD39A763746} = {801D98A7-8336-37BB-B80A-FDD39A763746}
		{3CEF3539-3005-3E27-9C15-C39AF6B57822} = {3CEF3539-3005-3E27-9C15-C39AF6B57822}
	EndProjectSection
EndProject
Project("{8BC9CEB8-8B4A-11D0-8D11-00A0C91BC942}") = "icon", "tests\icon.vcxproj", "{075C900F-8D22-33A5-8FF1-0DDFD6DA1797}"
	ProjectSection(ProjectDependencies) = postProject
		{801D98A7-8336-37BB-B80A-FDD39A763746} = {801D98A7-8336-37BB-B80A-FDD39A763746}
		{3CEF3539-3005-3E27-9C15-C39AF6B57822} = {3CEF3539-3005-3E27-9C15-C39AF6B57822}
	EndProjectSection
EndProject
Project("{8BC9CEB8-8B4A-11D0-8D11-00A0C91BC942}") = "iconify", "tests\iconify.vcxproj", "{CD719BA4-8F65-3A6C-BC3F-DA60EAC2DDD4}"
	ProjectSection(ProjectDependencies) = postProject
		{801D98A7-8336-37BB-B80A-FDD39A763746} = {801D98A7-8336-37BB-B80A-FDD39A763746}
		{3CEF3539-3005-3E27-9C15-C39AF6B57822} = {3CEF3539-3005-3E27-9C15-C39AF6B57822}
	EndProjectSection
EndProject
Project("{8BC9CEB8-8B4A-11D0-8D11-00A0C91BC942}") = "inputlag", "tests\inputlag.vcxproj", "{3F64A679-542F-3783-96F5-D8BCFFDBC0E1}"
	ProjectSection(ProjectDependencies) = postProject
		{801D98A7-8336-37BB-B80A-FDD39A763746} = {801D98A7-8336-37BB-B80A-FDD39A763746}
		{3CEF3539-3005-3E27-9C15-C39AF6B57822} = {3CEF3539-3005-3E27-9C15-C39AF6B57822}
	EndProjectSection
EndProject
Project("{8BC9CEB8-8B4A-11D0-8D11-00A0C91BC942}") = "joysticks", "tests\joysticks.vcxproj", "{1DAA753F-5A97-387E-A4C5-1DCEF27AD92B}"
	ProjectSection(ProjectDependencies) = postProject
		{801D98A7-8336-37BB-B80A-FDD39A763746} = {801D98A7-8336-37BB-B80A-FDD39A763746}
		{3CEF3539-3005-3E27-9C15-C39AF6B57822} = {3CEF3539-3005-3E27-9C15-C39AF6B57822}
	EndProjectSection
EndProject
Project("{8BC9CEB8-8B4A-11D0-8D11-00A0C91BC942}") = "monitors", "tests\monitors.vcxproj", "{C98B706E-9C11-3A0E-84F4-4CAF40BD383E}"
	ProjectSection(ProjectDependencies) = postProject
		{801D98A7-8336-37BB-B80A-FDD39A763746} = {801D98A7-8336-37BB-B80A-FDD39A763746}
		{3CEF3539-3005-3E27-9C15-C39AF6B57822} = {3CEF3539-3005-3E27-9C15-C39AF6B57822}
	EndProjectSection
EndProject
Project("{8BC9CEB8-8B4A-11D0-8D11-00A0C91BC942}") = "msaa", "tests\msaa.vcxproj", "{450C8924-9CEB-3F2D-8689-5225CDADD0E5}"
	ProjectSection(ProjectDependencies) = postProject
		{801D98A7-8336-37BB-B80A-FDD39A763746} = {801D98A7-8336-37BB-B80A-FDD39A763746}
		{3CEF3539-3005-3E27-9C15-C39AF6B57822} = {3CEF3539-3005-3E27-9C15-C39AF6B57822}
	EndProjectSection
EndProject
Project("{8BC9CEB8-8B4A-11D0-8D11-00A0C91BC942}") = "offscreen", "examples\offscreen.vcxproj", "{355D60ED-EF33-3C02-8FAD-83FF76B70805}"
	ProjectSection(ProjectDependencies) = postProject
		{801D98A7-8336-37BB-B80A-FDD39A763746} = {801D98A7-8336-37BB-B80A-FDD39A763746}
		{3CEF3539-3005-3E27-9C15-C39AF6B57822} = {3CEF3539-3005-3E27-9C15-C39AF6B57822}
	EndProjectSection
EndProject
Project("{8BC9CEB8-8B4A-11D0-8D11-00A0C91BC942}") = "particles", "examples\particles.vcxproj", "{16E2358A-335D-3BCB-B374-ACAA83AE5D55}"
	ProjectSection(ProjectDependencies) = postProject
		{801D98A7-8336-37BB-B80A-FDD39A763746} = {801D98A7-8336-37BB-B80A-FDD39A763746}
		{3CEF3539-3005-3E27-9C15-C39AF6B57822} = {3CEF3539-3005-3E27-9C15-C39AF6B57822}
	EndProjectSection
EndProject
Project("{8BC9CEB8-8B4A-11D0-8D11-00A0C91BC942}") = "reopen", "tests\reopen.vcxproj", "{C5EA4889-2A3A-3B8A-BD6A-FA0EFB0C9C02}"
	ProjectSection(ProjectDependencies) = postProject
		{801D98A7-8336-37BB-B80A-FDD39A763746} = {801D98A7-8336-37BB-B80A-FDD39A763746}
		{3CEF3539-3005-3E27-9C15-C39AF6B57822} = {3CEF3539-3005-3E27-9C15-C39AF6B57822}
	EndProjectSection
EndProject
Project("{8BC9CEB8-8B4A-11D0-8D11-00A0C91BC942}") = "sharing", "examples\sharing.vcxproj", "{BFA1B5A1-A302-3D30-A6F7-B324AA413A28}"
	ProjectSection(ProjectDependencies) = postProject
		{801D98A7-8336-37BB-B80A-FDD39A763746} = {801D98A7-8336-37BB-B80A-FDD39A763746}
		{3CEF3539-3005-3E27-9C15-C39AF6B57822} = {3CEF3539-3005-3E27-9C15-C39AF6B57822}
	EndProjectSection
EndProject
Project("{8BC9CEB8-8B4A-11D0-8D11-00A0C91BC942}") = "splitview", "examples\splitview.vcxproj", "{DDFBB901-C763-3EC8-9096-75FDCFF1D3C6}"
	ProjectSection(ProjectDependencies) = postProject
		{801D98A7-8336-37BB-B80A-FDD39A763746} = {801D98A7-8336-37BB-B80A-FDD39A763746}
		{3CEF3539-3005-3E27-9C15-C39AF6B57822} = {3CEF3539-3005-3E27-9C15-C39AF6B57822}
	EndProjectSection
EndProject
Project("{8BC9CEB8-8B4A-11D0-8D11-00A0C91BC942}") = "tearing", "tests\tearing.vcxproj", "{91E3B9FD-A318-3A77-BD25-CECCB37E4526}"
	ProjectSection(ProjectDependencies) = postProject
		{801D98A7-8336-37BB-B80A-FDD39A763746} = {801D98A7-8336-37BB-B80A-FDD39A763746}
		{3CEF3539-3005-3E27-9C15-C39AF6B57822} = {3CEF3539-3005-3E27-9C15-C39AF6B57822}
	EndProjectSection
EndProject
Project("{8BC9CEB8-8B4A-11D0-8D11-00A0C91BC942}") = "threads", "tests\threads.vcxproj", "{E23B9F9E-3732-3202-8A1B-B4BD3042DC9E}"
	ProjectSection(ProjectDependencies) = postProject
		{801D98A7-8336-37BB-B80A-FDD39A763746} = {801D98A7-8336-37BB-B80A-FDD39A763746}
		{3CEF3539-3005-3E27-9C15-C39AF6B57822} = {3CEF3539-3005-3E27-9C15-C39AF6B57822}
	EndProjectSection
EndProject
Project("{8BC9CEB8-8B4A-11D0-8D11-00A0C91BC942}") = "timeout", "tests\timeout.vcxproj", "{9E62270E-3429-3C1A-A380-BEEAD2D382D3}"
	ProjectSection(ProjectDependencies) = postProject
		{801D98A7-8336-37BB-B80A-FDD39A763746} = {801D98A7-8336-37BB-B80A-FDD39A763746}
		{3CEF3539-3005-3E27-9C15-C39AF6B57822} = {3CEF3539-3005-3E27-9C15-C39AF6B57822}
	EndProjectSection
EndProject
Project("{8BC9CEB8-8B4A-11D0-8D11-00A0C91BC942}") = "title", "tests\title.vcxproj", "{671D78E9-EC46-3D5A-B265-6E7FC231EDFA}"
	ProjectSection(ProjectDependencies) = postProject
		{801D98A7-8336-37BB-B80A-FDD39A763746} = {801D98A7-8336-37BB-B80A-FDD39A763746}
		{3CEF3539-3005-3E27-9C15-C39AF6B57822} = {3CEF3539-3005-3E27-9C15-C39AF6B57822}
	EndProjectSection
EndProject
Project("{8BC9CEB8-8B4A-11D0-8D11-00A0C91BC942}") = "triangle-opengl", "examples\triangle-opengl.vcxproj", "{142688E3-530A-3EA5-992E-997327FD878A}"
	ProjectSection(ProjectDependencies) = postProject
		{801D98A7-8336-37BB-B80A-FDD39A763746} = {801D98A7-8336-37BB-B80A-FDD39A763746}
		{3CEF3539-3005-3E27-9C15-C39AF6B57822} = {3CEF3539-3005-3E27-9C15-C39AF6B57822}
	EndProjectSection
EndProject
Project("{8BC9CEB8-8B4A-11D0-8D11-00A0C91BC942}") = "triangle-opengles", "examples\triangle-opengles.vcxproj", "{4154B98F-8E14-377D-9CE5-97243EDB563A}"
	ProjectSection(ProjectDependencies) = postProject
		{801D98A7-8336-37BB-B80A-FDD39A763746} = {801D98A7-8336-37BB-B80A-FDD39A763746}
		{3CEF3539-3005-3E27-9C15-C39AF6B57822} = {3CEF3539-3005-3E27-9C15-C39AF6B57822}
	EndProjectSection
EndProject
Project("{8BC9CEB8-8B4A-11D0-8D11-00A0C91BC942}") = "triangle-vulkan", "tests\triangle-vulkan.vcxproj", "{2950E763-CD53-33CF-9B23-E37F1DA45018}"
	ProjectSection(ProjectDependencies) = postProject
		{801D98A7-8336-37BB-B80A-FDD39A763746} = {801D98A7-8336-37BB-B80A-FDD39A763746}
		{3CEF3539-3005-3E27-9C15-C39AF6B57822} = {3CEF3539-3005-3E27-9C15-C39AF6B57822}
	EndProjectSection
EndProject
Project("{8BC9CEB8-8B4A-11D0-8D11-00A0C91BC942}") = "uninstall", "uninstall.vcxproj", "{6732C656-AAB4-327E-BFE1-35E3262A7007}"
	ProjectSection(ProjectDependencies) = postProject
		{801D98A7-8336-37BB-B80A-FDD39A763746} = {801D98A7-8336-37BB-B80A-FDD39A763746}
	EndProjectSection
EndProject
Project("{8BC9CEB8-8B4A-11D0-8D11-00A0C91BC942}") = "update_mappings", "src\update_mappings.vcxproj", "{5746BD00-34CE-36E7-8E8B-C377F7654BEC}"
	ProjectSection(ProjectDependencies) = postProject
		{801D98A7-8336-37BB-B80A-FDD39A763746} = {801D98A7-8336-37BB-B80A-FDD39A763746}
	EndProjectSection
EndProject
Project("{8BC9CEB8-8B4A-11D0-8D11-00A0C91BC942}") = "wave", "examples\wave.vcxproj", "{C5DBEB00-870D-3DC3-9669-44575E932B4D}"
	ProjectSection(ProjectDependencies) = postProject
		{801D98A7-8336-37BB-B80A-FDD39A763746} = {801D98A7-8336-37BB-B80A-FDD39A763746}
		{3CEF3539-3005-3E27-9C15-C39AF6B57822} = {3CEF3539-3005-3E27-9C15-C39AF6B57822}
	EndProjectSection
EndProject
Project("{8BC9CEB8-8B4A-11D0-8D11-00A0C91BC942}") = "window", "tests\window.vcxproj", "{5C257296-DB54-32D7-ACAC-B2F9AC0A53C1}"
	ProjectSection(ProjectDependencies) = postProject
		{801D98A7-8336-37BB-B80A-FDD39A763746} = {801D98A7-8336-37BB-B80A-FDD39A763746}
		{3CEF3539-3005-3E27-9C15-C39AF6B57822} = {3CEF3539-3005-3E27-9C15-C39AF6B57822}
	EndProjectSection
EndProject
Project("{8BC9CEB8-8B4A-11D0-8D11-00A0C91BC942}") = "windows", "examples\windows.vcxproj", "{F850D84F-436D-336B-80B8-6C38B2314883}"
	ProjectSection(ProjectDependencies) = postProject
		{801D98A7-8336-37BB-B80A-FDD39A763746} = {801D98A7-8336-37BB-B80A-FDD39A763746}
		{3CEF3539-3005-3E27-9C15-C39AF6B57822} = {3CEF3539-3005-3E27-9C15-C39AF6B57822}
	EndProjectSection
EndProject
Global
	GlobalSection(SolutionConfigurationPlatforms) = preSolution
		Debug|x64 = Debug|x64
		Release|x64 = Release|x64
		MinSizeRel|x64 = MinSizeRel|x64
		RelWithDebInfo|x64 = RelWithDebInfo|x64
	EndGlobalSection
	GlobalSection(ProjectConfigurationPlatforms) = postSolution
		{803671B4-FFB7-358F-ADF2-C104452A9CB6}.Debug|x64.ActiveCfg = Debug|x64
		{803671B4-FFB7-358F-ADF2-C104452A9CB6}.Debug|x64.Build.0 = Debug|x64
		{803671B4-FFB7-358F-ADF2-C104452A9CB6}.Release|x64.ActiveCfg = Release|x64
		{803671B4-FFB7-358F-ADF2-C104452A9CB6}.Release|x64.Build.0 = Release|x64
		{803671B4-FFB7-358F-ADF2-C104452A9CB6}.MinSizeRel|x64.ActiveCfg = MinSizeRel|x64
		{803671B4-FFB7-358F-ADF2-C104452A9CB6}.MinSizeRel|x64.Build.0 = MinSizeRel|x64
		{803671B4-FFB7-358F-ADF2-C104452A9CB6}.RelWithDebInfo|x64.ActiveCfg = RelWithDebInfo|x64
		{803671B4-FFB7-358F-ADF2-C104452A9CB6}.RelWithDebInfo|x64.Build.0 = RelWithDebInfo|x64
		{34BDC7C3-BE7F-30F4-9C32-70498AD35A9E}.Debug|x64.ActiveCfg = Debug|x64
		{34BDC7C3-BE7F-30F4-9C32-70498AD35A9E}.Release|x64.ActiveCfg = Release|x64
		{34BDC7C3-BE7F-30F4-9C32-70498AD35A9E}.MinSizeRel|x64.ActiveCfg = MinSizeRel|x64
		{34BDC7C3-BE7F-30F4-9C32-70498AD35A9E}.RelWithDebInfo|x64.ActiveCfg = RelWithDebInfo|x64
		{801D98A7-8336-37BB-B80A-FDD39A763746}.Debug|x64.ActiveCfg = Debug|x64
		{801D98A7-8336-37BB-B80A-FDD39A763746}.Debug|x64.Build.0 = Debug|x64
		{801D98A7-8336-37BB-B80A-FDD39A763746}.Release|x64.ActiveCfg = Release|x64
		{801D98A7-8336-37BB-B80A-FDD39A763746}.Release|x64.Build.0 = Release|x64
		{801D98A7-8336-37BB-B80A-FDD39A763746}.MinSizeRel|x64.ActiveCfg = MinSizeRel|x64
		{801D98A7-8336-37BB-B80A-FDD39A763746}.MinSizeRel|x64.Build.0 = MinSizeRel|x64
		{801D98A7-8336-37BB-B80A-FDD39A763746}.RelWithDebInfo|x64.ActiveCfg = RelWithDebInfo|x64
		{801D98A7-8336-37BB-B80A-FDD39A763746}.RelWithDebInfo|x64.Build.0 = RelWithDebInfo|x64
		{65E6D856-ECDF-3424-B6C2-FE845BC4D6DB}.Debug|x64.ActiveCfg = Debug|x64
		{65E6D856-ECDF-3424-B6C2-FE845BC4D6DB}.Debug|x64.Build.0 = Debug|x64
		{65E6D856-ECDF-3424-B6C2-FE845BC4D6DB}.Release|x64.ActiveCfg = Release|x64
		{65E6D856-ECDF-3424-B6C2-FE845BC4D6DB}.Release|x64.Build.0 = Release|x64
		{65E6D856-ECDF-3424-B6C2-FE845BC4D6DB}.MinSizeRel|x64.ActiveCfg = MinSizeRel|x64
		{65E6D856-ECDF-3424-B6C2-FE845BC4D6DB}.MinSizeRel|x64.Build.0 = MinSizeRel|x64
		{65E6D856-ECDF-3424-B6C2-FE845BC4D6DB}.RelWithDebInfo|x64.ActiveCfg = RelWithDebInfo|x64
		{65E6D856-ECDF-3424-B6C2-FE845BC4D6DB}.RelWithDebInfo|x64.Build.0 = RelWithDebInfo|x64
		{50998DCF-8A77-3EA5-8906-601FB659C00D}.Debug|x64.ActiveCfg = Debug|x64
		{50998DCF-8A77-3EA5-8906-601FB659C00D}.Debug|x64.Build.0 = Debug|x64
		{50998DCF-8A77-3EA5-8906-601FB659C00D}.Release|x64.ActiveCfg = Release|x64
		{50998DCF-8A77-3EA5-8906-601FB659C00D}.Release|x64.Build.0 = Release|x64
		{50998DCF-8A77-3EA5-8906-601FB659C00D}.MinSizeRel|x64.ActiveCfg = MinSizeRel|x64
		{50998DCF-8A77-3EA5-8906-601FB659C00D}.MinSizeRel|x64.Build.0 = MinSizeRel|x64
		{50998DCF-8A77-3EA5-8906-601FB659C00D}.RelWithDebInfo|x64.ActiveCfg = RelWithDebInfo|x64
		{50998DCF-8A77-3EA5-8906-601FB659C00D}.RelWithDebInfo|x64.Build.0 = RelWithDebInfo|x64
		{1B9C94E5-F22C-394A-8241-E320FEA7A896}.Debug|x64.ActiveCfg = Debug|x64
		{1B9C94E5-F22C-394A-8241-E320FEA7A896}.Debug|x64.Build.0 = Debug|x64
		{1B9C94E5-F22C-394A-8241-E320FEA7A896}.Release|x64.ActiveCfg = Release|x64
		{1B9C94E5-F22C-394A-8241-E320FEA7A896}.Release|x64.Build.0 = Release|x64
		{1B9C94E5-F22C-394A-8241-E320FEA7A896}.MinSizeRel|x64.ActiveCfg = MinSizeRel|x64
		{1B9C94E5-F22C-394A-8241-E320FEA7A896}.MinSizeRel|x64.Build.0 = MinSizeRel|x64
		{1B9C94E5-F22C-394A-8241-E320FEA7A896}.RelWithDebInfo|x64.ActiveCfg = RelWithDebInfo|x64
		{1B9C94E5-F22C-394A-8241-E320FEA7A896}.RelWithDebInfo|x64.Build.0 = RelWithDebInfo|x64
		{CAA47AEA-60E2-3DBB-B98C-F1D4AA426A1E}.Debug|x64.ActiveCfg = Debug|x64
		{CAA47AEA-60E2-3DBB-B98C-F1D4AA426A1E}.Debug|x64.Build.0 = Debug|x64
		{CAA47AEA-60E2-3DBB-B98C-F1D4AA426A1E}.Release|x64.ActiveCfg = Release|x64
		{CAA47AEA-60E2-3DBB-B98C-F1D4AA426A1E}.Release|x64.Build.0 = Release|x64
		{CAA47AEA-60E2-3DBB-B98C-F1D4AA426A1E}.MinSizeRel|x64.ActiveCfg = MinSizeRel|x64
		{CAA47AEA-60E2-3DBB-B98C-F1D4AA426A1E}.MinSizeRel|x64.Build.0 = MinSizeRel|x64
		{CAA47AEA-60E2-3DBB-B98C-F1D4AA426A1E}.RelWithDebInfo|x64.ActiveCfg = RelWithDebInfo|x64
		{CAA47AEA-60E2-3DBB-B98C-F1D4AA426A1E}.RelWithDebInfo|x64.Build.0 = RelWithDebInfo|x64
		{3F1937CD-5595-37F3-9EF0-7471FD52E919}.Debug|x64.ActiveCfg = Debug|x64
		{3F1937CD-5595-37F3-9EF0-7471FD52E919}.Debug|x64.Build.0 = Debug|x64
		{3F1937CD-5595-37F3-9EF0-7471FD52E919}.Release|x64.ActiveCfg = Release|x64
		{3F1937CD-5595-37F3-9EF0-7471FD52E919}.Release|x64.Build.0 = Release|x64
		{3F1937CD-5595-37F3-9EF0-7471FD52E919}.MinSizeRel|x64.ActiveCfg = MinSizeRel|x64
		{3F1937CD-5595-37F3-9EF0-7471FD52E919}.MinSizeRel|x64.Build.0 = MinSizeRel|x64
		{3F1937CD-5595-37F3-9EF0-7471FD52E919}.RelWithDebInfo|x64.ActiveCfg = RelWithDebInfo|x64
		{3F1937CD-5595-37F3-9EF0-7471FD52E919}.RelWithDebInfo|x64.Build.0 = RelWithDebInfo|x64
		{7B546079-2651-3C6A-9B08-881DB365D20C}.Debug|x64.ActiveCfg = Debug|x64
		{7B546079-2651-3C6A-9B08-881DB365D20C}.Debug|x64.Build.0 = Debug|x64
		{7B546079-2651-3C6A-9B08-881DB365D20C}.Release|x64.ActiveCfg = Release|x64
		{7B546079-2651-3C6A-9B08-881DB365D20C}.Release|x64.Build.0 = Release|x64
		{7B546079-2651-3C6A-9B08-881DB365D20C}.MinSizeRel|x64.ActiveCfg = MinSizeRel|x64
		{7B546079-2651-3C6A-9B08-881DB365D20C}.MinSizeRel|x64.Build.0 = MinSizeRel|x64
		{7B546079-2651-3C6A-9B08-881DB365D20C}.RelWithDebInfo|x64.ActiveCfg = RelWithDebInfo|x64
		{7B546079-2651-3C6A-9B08-881DB365D20C}.RelWithDebInfo|x64.Build.0 = RelWithDebInfo|x64
		{20E1E506-9033-3159-AA10-27930BCA5928}.Debug|x64.ActiveCfg = Debug|x64
		{20E1E506-9033-3159-AA10-27930BCA5928}.Debug|x64.Build.0 = Debug|x64
		{20E1E506-9033-3159-AA10-27930BCA5928}.Release|x64.ActiveCfg = Release|x64
		{20E1E506-9033-3159-AA10-27930BCA5928}.Release|x64.Build.0 = Release|x64
		{20E1E506-9033-3159-AA10-27930BCA5928}.MinSizeRel|x64.ActiveCfg = MinSizeRel|x64
		{20E1E506-9033-3159-AA10-27930BCA5928}.MinSizeRel|x64.Build.0 = MinSizeRel|x64
		{20E1E506-9033-3159-AA10-27930BCA5928}.RelWithDebInfo|x64.ActiveCfg = RelWithDebInfo|x64
		{20E1E506-9033-3159-AA10-27930BCA5928}.RelWithDebInfo|x64.Build.0 = RelWithDebInfo|x64
		{EA1E3F62-43EA-39F9-B752-05B9D23AFF4A}.Debug|x64.ActiveCfg = Debug|x64
		{EA1E3F62-43EA-39F9-B752-05B9D23AFF4A}.Debug|x64.Build.0 = Debug|x64
		{EA1E3F62-43EA-39F9-B752-05B9D23AFF4A}.Release|x64.ActiveCfg = Release|x64
		{EA1E3F62-43EA-39F9-B752-05B9D23AFF4A}.Release|x64.Build.0 = Release|x64
		{EA1E3F62-43EA-39F9-B752-05B9D23AFF4A}.MinSizeRel|x64.ActiveCfg = MinSizeRel|x64
		{EA1E3F62-43EA-39F9-B752-05B9D23AFF4A}.MinSizeRel|x64.Build.0 = MinSizeRel|x64
		{EA1E3F62-43EA-39F9-B752-05B9D23AFF4A}.RelWithDebInfo|x64.ActiveCfg = RelWithDebInfo|x64
		{EA1E3F62-43EA-39F9-B752-05B9D23AFF4A}.RelWithDebInfo|x64.Build.0 = RelWithDebInfo|x64
		{3CEF3539-3005-3E27-9C15-C39AF6B57822}.Debug|x64.ActiveCfg = Debug|x64
		{3CEF3539-3005-3E27-9C15-C39AF6B57822}.Debug|x64.Build.0 = Debug|x64
		{3CEF3539-3005-3E27-9C15-C39AF6B57822}.Release|x64.ActiveCfg = Release|x64
		{3CEF3539-3005-3E27-9C15-C39AF6B57822}.Release|x64.Build.0 = Release|x64
		{3CEF3539-3005-3E27-9C15-C39AF6B57822}.MinSizeRel|x64.ActiveCfg = MinSizeRel|x64
		{3CEF3539-3005-3E27-9C15-C39AF6B57822}.MinSizeRel|x64.Build.0 = MinSizeRel|x64
		{3CEF3539-3005-3E27-9C15-C39AF6B57822}.RelWithDebInfo|x64.ActiveCfg = RelWithDebInfo|x64
		{3CEF3539-3005-3E27-9C15-C39AF6B57822}.RelWithDebInfo|x64.Build.0 = RelWithDebInfo|x64
		{FC962E8A-540F-347D-9C76-B12BC40591D7}.Debug|x64.ActiveCfg = Debug|x64
		{FC962E8A-540F-347D-9C76-B12BC40591D7}.Debug|x64.Build.0 = Debug|x64
		{FC962E8A-540F-347D-9C76-B12BC40591D7}.Release|x64.ActiveCfg = Release|x64
		{FC962E8A-540F-347D-9C76-B12BC40591D7}.Release|x64.Build.0 = Release|x64
		{FC962E8A-540F-347D-9C76-B12BC40591D7}.MinSizeRel|x64.ActiveCfg = MinSizeRel|x64
		{FC962E8A-540F-347D-9C76-B12BC40591D7}.MinSizeRel|x64.Build.0 = MinSizeRel|x64
		{FC962E8A-540F-347D-9C76-B12BC40591D7}.RelWithDebInfo|x64.ActiveCfg = RelWithDebInfo|x64
		{FC962E8A-540F-347D-9C76-B12BC40591D7}.RelWithDebInfo|x64.Build.0 = RelWithDebInfo|x64
		{E23CF094-70A8-3E79-88EF-4B00DBA29810}.Debug|x64.ActiveCfg = Debug|x64
		{E23CF094-70A8-3E79-88EF-4B00DBA29810}.Debug|x64.Build.0 = Debug|x64
		{E23CF094-70A8-3E79-88EF-4B00DBA29810}.Release|x64.ActiveCfg = Release|x64
		{E23CF094-70A8-3E79-88EF-4B00DBA29810}.Release|x64.Build.0 = Release|x64
		{E23CF094-70A8-3E79-88EF-4B00DBA29810}.MinSizeRel|x64.ActiveCfg = MinSizeRel|x64
		{E23CF094-70A8-3E79-88EF-4B00DBA29810}.MinSizeRel|x64.Build.0 = MinSizeRel|x64
		{E23CF094-70A8-3E79-88EF-4B00DBA29810}.RelWithDebInfo|x64.ActiveCfg = RelWithDebInfo|x64
		{E23CF094-70A8-3E79-88EF-4B00DBA29810}.RelWithDebInfo|x64.Build.0 = RelWithDebInfo|x64
		{075C900F-8D22-33A5-8FF1-0DDFD6DA1797}.Debug|x64.ActiveCfg = Debug|x64
		{075C900F-8D22-33A5-8FF1-0DDFD6DA1797}.Debug|x64.Build.0 = Debug|x64
		{075C900F-8D22-33A5-8FF1-0DDFD6DA1797}.Release|x64.ActiveCfg = Release|x64
		{075C900F-8D22-33A5-8FF1-0DDFD6DA1797}.Release|x64.Build.0 = Release|x64
		{075C900F-8D22-33A5-8FF1-0DDFD6DA1797}.MinSizeRel|x64.ActiveCfg = MinSizeRel|x64
		{075C900F-8D22-33A5-8FF1-0DDFD6DA1797}.MinSizeRel|x64.Build.0 = MinSizeRel|x64
		{075C900F-8D22-33A5-8FF1-0DDFD6DA1797}.RelWithDebInfo|x64.ActiveCfg = RelWithDebInfo|x64
		{075C900F-8D22-33A5-8FF1-0DDFD6DA1797}.RelWithDebInfo|x64.Build.0 = RelWithDebInfo|x64
		{CD719BA4-8F65-3A6C-BC3F-DA60EAC2DDD4}.Debug|x64.ActiveCfg = Debug|x64
		{CD719BA4-8F65-3A6C-BC3F-DA60EAC2DDD4}.Debug|x64.Build.0 = Debug|x64
		{CD719BA4-8F65-3A6C-BC3F-DA60EAC2DDD4}.Release|x64.ActiveCfg = Release|x64
		{CD719BA4-8F65-3A6C-BC3F-DA60EAC2DDD4}.Release|x64.Build.0 = Release|x64
		{CD719BA4-8F65-3A6C-BC3F-DA60EAC2DDD4}.MinSizeRel|x64.ActiveCfg = MinSizeRel|x64
		{CD719BA4-8F65-3A6C-BC3F-DA60EAC2DDD4}.MinSizeRel|x64.Build.0 = MinSizeRel|x64
		{CD719BA4-8F65-3A6C-BC3F-DA60EAC2DDD4}.RelWithDebInfo|x64.ActiveCfg = RelWithDebInfo|x64
		{CD719BA4-8F65-3A6C-BC3F-DA60EAC2DDD4}.RelWithDebInfo|x64.Build.0 = RelWithDebInfo|x64
		{3F64A679-542F-3783-96F5-D8BCFFDBC0E1}.Debug|x64.ActiveCfg = Debug|x64
		{3F64A679-542F-3783-96F5-D8BCFFDBC0E1}.Debug|x64.Build.0 = Debug|x64
		{3F64A679-542F-3783-96F5-D8BCFFDBC0E1}.Release|x64.ActiveCfg = Release|x64
		{3F64A679-542F-3783-96F5-D8BCFFDBC0E1}.Release|x64.Build.0 = Release|x64
		{3F64A679-542F-3783-96F5-D8BCFFDBC0E1}.MinSizeRel|x64.ActiveCfg = MinSizeRel|x64
		{3F64A679-542F-3783-96F5-D8BCFFDBC0E1}.MinSizeRel|x64.Build.0 = MinSizeRel|x64
		{3F64A679-542F-3783-96F5-D8BCFFDBC0E1}.RelWithDebInfo|x64.ActiveCfg = RelWithDebInfo|x64
		{3F64A679-542F-3783-96F5-D8BCFFDBC0E1}.RelWithDebInfo|x64.Build.0 = RelWithDebInfo|x64
		{1DAA753F-5A97-387E-A4C5-1DCEF27AD92B}.Debug|x64.ActiveCfg = Debug|x64
		{1DAA753F-5A97-387E-A4C5-1DCEF27AD92B}.Debug|x64.Build.0 = Debug|x64
		{1DAA753F-5A97-387E-A4C5-1DCEF27AD92B}.Release|x64.ActiveCfg = Release|x64
		{1DAA753F-5A97-387E-A4C5-1DCEF27AD92B}.Release|x64.Build.0 = Release|x64
		{1DAA753F-5A97-387E-A4C5-1DCEF27AD92B}.MinSizeRel|x64.ActiveCfg = MinSizeRel|x64
		{1DAA753F-5A97-387E-A4C5-1DCEF27AD92B}.MinSizeRel|x64.Build.0 = MinSizeRel|x64
		{1DAA753F-5A97-387E-A4C5-1DCEF27AD92B}.RelWithDebInfo|x64.ActiveCfg = RelWithDebInfo|x64
		{1DAA753F-5A97-387E-A4C5-1DCEF27AD92B}.RelWithDebInfo|x64.Build.0 = RelWithDebInfo|x64
		{C98B706E-9C11-3A0E-84F4-4CAF40BD383E}.Debug|x64.ActiveCfg = Debug|x64
		{C98B706E-9C11-3A0E-84F4-4CAF40BD383E}.Debug|x64.Build.0 = Debug|x64
		{C98B706E-9C11-3A0E-84F4-4CAF40BD383E}.Release|x64.ActiveCfg = Release|x64
		{C98B706E-9C11-3A0E-84F4-4CAF40BD383E}.Release|x64.Build.0 = Release|x64
		{C98B706E-9C11-3A0E-84F4-4CAF40BD383E}.MinSizeRel|x64.ActiveCfg = MinSizeRel|x64
		{C98B706E-9C11-3A0E-84F4-4CAF40BD383E}.MinSizeRel|x64.Build.0 = MinSizeRel|x64
		{C98B706E-9C11-3A0E-84F4-4CAF40BD383E}.RelWithDebInfo|x64.ActiveCfg = RelWithDebInfo|x64
		{C98B706E-9C11-3A0E-84F4-4CAF40BD383E}.RelWithDebInfo|x64.Build.0 = RelWithDebInfo|x64
		{450C8924-9CEB-3F2D-8689-5225CDADD0E5}.Debug|x64.ActiveCfg = Debug|x64
		{450C8924-9CEB-3F2D-8689-5225CDADD0E5}.Debug|x64.Build.0 = Debug|x64
		{450C8924-9CEB-3F2D-8689-5225CDADD0E5}.Release|x64.ActiveCfg = Release|x64
		{450C8924-9CEB-3F2D-8689-5225CDADD0E5}.Release|x64.Build.0 = Release|x64
		{450C8924-9CEB-3F2D-8689-5225CDADD0E5}.MinSizeRel|x64.ActiveCfg = MinSizeRel|x64
		{450C8924-9CEB-3F2D-8689-5225CDADD0E5}.MinSizeRel|x64.Build.0 = MinSizeRel|x64
		{450C8924-9CEB-3F2D-8689-5225CDADD0E5}.RelWithDebInfo|x64.ActiveCfg = RelWithDebInfo|x64
		{450C8924-9CEB-3F2D-8689-5225CDADD0E5}.RelWithDebInfo|x64.Build.0 = RelWithDebInfo|x64
		{355D60ED-EF33-3C02-8FAD-83FF76B70805}.Debug|x64.ActiveCfg = Debug|x64
		{355D60ED-EF33-3C02-8FAD-83FF76B70805}.Debug|x64.Build.0 = Debug|x64
		{355D60ED-EF33-3C02-8FAD-83FF76B70805}.Release|x64.ActiveCfg = Release|x64
		{355D60ED-EF33-3C02-8FAD-83FF76B70805}.Release|x64.Build.0 = Release|x64
		{355D60ED-EF33-3C02-8FAD-83FF76B70805}.MinSizeRel|x64.ActiveCfg = MinSizeRel|x64
		{355D60ED-EF33-3C02-8FAD-83FF76B70805}.MinSizeRel|x64.Build.0 = MinSizeRel|x64
		{355D60ED-EF33-3C02-8FAD-83FF76B70805}.RelWithDebInfo|x64.ActiveCfg = RelWithDebInfo|x64
		{355D60ED-EF33-3C02-8FAD-83FF76B70805}.RelWithDebInfo|x64.Build.0 = RelWithDebInfo|x64
		{16E2358A-335D-3BCB-B374-ACAA83AE5D55}.Debug|x64.ActiveCfg = Debug|x64
		{16E2358A-335D-3BCB-B374-ACAA83AE5D55}.Debug|x64.Build.0 = Debug|x64
		{16E2358A-335D-3BCB-B374-ACAA83AE5D55}.Release|x64.ActiveCfg = Release|x64
		{16E2358A-335D-3BCB-B374-ACAA83AE5D55}.Release|x64.Build.0 = Release|x64
		{16E2358A-335D-3BCB-B374-ACAA83AE5D55}.MinSizeRel|x64.ActiveCfg = MinSizeRel|x64
		{16E2358A-335D-3BCB-B374-ACAA83AE5D55}.MinSizeRel|x64.Build.0 = MinSizeRel|x64
		{16E2358A-335D-3BCB-B374-ACAA83AE5D55}.RelWithDebInfo|x64.ActiveCfg = RelWithDebInfo|x64
		{16E2358A-335D-3BCB-B374-ACAA83AE5D55}.RelWithDebInfo|x64.Build.0 = RelWithDebInfo|x64
		{C5EA4889-2A3A-3B8A-BD6A-FA0EFB0C9C02}.Debug|x64.ActiveCfg = Debug|x64
		{C5EA4889-2A3A-3B8A-BD6A-FA0EFB0C9C02}.Debug|x64.Build.0 = Debug|x64
		{C5EA4889-2A3A-3B8A-BD6A-FA0EFB0C9C02}.Release|x64.ActiveCfg = Release|x64
		{C5EA4889-2A3A-3B8A-BD6A-FA0EFB0C9C02}.Release|x64.Build.0 = Release|x64
		{C5EA4889-2A3A-3B8A-BD6A-FA0EFB0C9C02}.MinSizeRel|x64.ActiveCfg = MinSizeRel|x64
		{C5EA4889-2A3A-3B8A-BD6A-FA0EFB0C9C02}.MinSizeRel|x64.Build.0 = MinSizeRel|x64
		{C5EA4889-2A3A-3B8A-BD6A-FA0EFB0C9C02}.RelWithDebInfo|x64.ActiveCfg = RelWithDebInfo|x64
		{C5EA4889-2A3A-3B8A-BD6A-FA0EFB0C9C02}.RelWithDebInfo|x64.Build.0 = RelWithDebInfo|x64
		{BFA1B5A1-A302-3D30-A6F7-B324AA413A28}.Debug|x64.ActiveCfg = Debug|x64
		{BFA1B5A1-A302-3D30-A6F7-B324AA413A28}.Debug|x64.Build.0 = Debug|x64
		{BFA1B5A1-A302-3D30-A6F7-B324AA413A28}.Release|x64.ActiveCfg = Release|x64
		{BFA1B5A1-A302-3D30-A6F7-B324AA413A28}.Release|x64.Build.0 = Release|x64
		{BFA1B5A1-A302-3D30-A6F7-B324AA413A28}.MinSizeRel|x64.ActiveCfg = MinSizeRel|x64
		{BFA1B5A1-A302-3D30-A6F7-B324AA413A28}.MinSizeRel|x64.Build.0 = MinSizeRel|x64
		{BFA1B5A1-A302-3D30-A6F7-B324AA413A28}.RelWithDebInfo|x64.ActiveCfg = RelWithDebInfo|x64
		{BFA1B5A1-A302-3D30-A6F7-B324AA413A28}.RelWithDebInfo|x64.Build.0 = RelWithDebInfo|x64
		{DDFBB901-C763-3EC8-9096-75FDCFF1D3C6}.Debug|x64.ActiveCfg = Debug|x64
		{DDFBB901-C763-3EC8-9096-75FDCFF1D3C6}.Debug|x64.Build.0 = Debug|x64
		{DDFBB901-C763-3EC8-9096-75FDCFF1D3C6}.Release|x64.ActiveCfg = Release|x64
		{DDFBB901-C763-3EC8-9096-75FDCFF1D3C6}.Release|x64.Build.0 = Release|x64
		{DDFBB901-C763-3EC8-9096-75FDCFF1D3C6}.MinSizeRel|x64.ActiveCfg = MinSizeRel|x64
		{DDFBB901-C763-3EC8-9096-75FDCFF1D3C6}.MinSizeRel|x64.Build.0 = MinSizeRel|x64
		{DDFBB901-C763-3EC8-9096-75FDCFF1D3C6}.RelWithDebInfo|x64.ActiveCfg = RelWithDebInfo|x64
		{DDFBB901-C763-3EC8-9096-75FDCFF1D3C6}.RelWithDebInfo|x64.Build.0 = RelWithDebInfo|x64
		{91E3B9FD-A318-3A77-BD25-CECCB37E4526}.Debug|x64.ActiveCfg = Debug|x64
		{91E3B9FD-A318-3A77-BD25-CECCB37E4526}.Debug|x64.Build.0 = Debug|x64
		{91E3B9FD-A318-3A77-BD25-CECCB37E4526}.Release|x64.ActiveCfg = Release|x64
		{91E3B9FD-A318-3A77-BD25-CECCB37E4526}.Release|x64.Build.0 = Release|x64
		{91E3B9FD-A318-3A77-BD25-CECCB37E4526}.MinSizeRel|x64.ActiveCfg = MinSizeRel|x64
		{91E3B9FD-A318-3A77-BD25-CECCB37E4526}.MinSizeRel|x64.Build.0 = MinSizeRel|x64
		{91E3B9FD-A318-3A77-BD25-CECCB37E4526}.RelWithDebInfo|x64.ActiveCfg = RelWithDebInfo|x64
		{91E3B9FD-A318-3A77-BD25-CECCB37E4526}.RelWithDebInfo|x64.Build.0 = RelWithDebInfo|x64
		{E23B9F9E-3732-3202-8A1B-B4BD3042DC9E}.Debug|x64.ActiveCfg = Debug|x64
		{E23B9F9E-3732-3202-8A1B-B4BD3042DC9E}.Debug|x64.Build.0 = Debug|x64
		{E23B9F9E-3732-3202-8A1B-B4BD3042DC9E}.Release|x64.ActiveCfg = Release|x64
		{E23B9F9E-3732-3202-8A1B-B4BD3042DC9E}.Release|x64.Build.0 = Release|x64
		{E23B9F9E-3732-3202-8A1B-B4BD3042DC9E}.MinSizeRel|x64.ActiveCfg = MinSizeRel|x64
		{E23B9F9E-3732-3202-8A1B-B4BD3042DC9E}.MinSizeRel|x64.Build.0 = MinSizeRel|x64
		{E23B9F9E-3732-3202-8A1B-B4BD3042DC9E}.RelWithDebInfo|x64.ActiveCfg = RelWithDebInfo|x64
		{E23B9F9E-3732-3202-8A1B-B4BD3042DC9E}.RelWithDebInfo|x64.Build.0 = RelWithDebInfo|x64
		{9E62270E-3429-3C1A-A380-BEEAD2D382D3}.Debug|x64.ActiveCfg = Debug|x64
		{9E62270E-3429-3C1A-A380-BEEAD2D382D3}.Debug|x64.Build.0 = Debug|x64
		{9E62270E-3429-3C1A-A380-BEEAD2D382D3}.Release|x64.ActiveCfg = Release|x64
		{9E62270E-3429-3C1A-A380-BEEAD2D382D3}.Release|x64.Build.0 = Release|x64
		{9E62270E-3429-3C1A-A380-BEEAD2D382D3}.MinSizeRel|x64.ActiveCfg = MinSizeRel|x64
		{9E62270E-3429-3C1A-A380-BEEAD2D382D3}.MinSizeRel|x64.Build.0 = MinSizeRel|x64
		{9E62270E-3429-3C1A-A380-BEEAD2D382D3}.RelWithDebInfo|x64.ActiveCfg = RelWithDebInfo|x64
		{9E62270E-3429-3C1A-A380-BEEAD2D382D3}.RelWithDebInfo|x64.Build.0 = RelWithDebInfo|x64
		{671D78E9-EC46-3D5A-B265-6E7FC231EDFA}.Debug|x64.ActiveCfg = Debug|x64
		{671D78E9-EC46-3D5A-B265-6E7FC231EDFA}.Debug|x64.Build.0 = Debug|x64
		{671D78E9-EC46-3D5A-B265-6E7FC231EDFA}.Release|x64.ActiveCfg = Release|x64
		{671D78E9-EC46-3D5A-B265-6E7FC231EDFA}.Release|x64.Build.0 = Release|x64
		{671D78E9-EC46-3D5A-B265-6E7FC231EDFA}.MinSizeRel|x64.ActiveCfg = MinSizeRel|x64
		{671D78E9-EC46-3D5A-B265-6E7FC231EDFA}.MinSizeRel|x64.Build.0 = MinSizeRel|x64
		{671D78E9-EC46-3D5A-B265-6E7FC231EDFA}.RelWithDebInfo|x64.ActiveCfg = RelWithDebInfo|x64
		{671D78E9-EC46-3D5A-B265-6E7FC231EDFA}.RelWithDebInfo|x64.Build.0 = RelWithDebInfo|x64
		{142688E3-530A-3EA5-992E-997327FD878A}.Debug|x64.ActiveCfg = Debug|x64
		{142688E3-530A-3EA5-992E-997327FD878A}.Debug|x64.Build.0 = Debug|x64
		{142688E3-530A-3EA5-992E-997327FD878A}.Release|x64.ActiveCfg = Release|x64
		{142688E3-530A-3EA5-992E-997327FD878A}.Release|x64.Build.0 = Release|x64
		{142688E3-530A-3EA5-992E-997327FD878A}.MinSizeRel|x64.ActiveCfg = MinSizeRel|x64
		{142688E3-530A-3EA5-992E-997327FD878A}.MinSizeRel|x64.Build.0 = MinSizeRel|x64
		{142688E3-530A-3EA5-992E-997327FD878A}.RelWithDebInfo|x64.ActiveCfg = RelWithDebInfo|x64
		{142688E3-530A-3EA5-992E-997327FD878A}.RelWithDebInfo|x64.Build.0 = RelWithDebInfo|x64
		{4154B98F-8E14-377D-9CE5-97243EDB563A}.Debug|x64.ActiveCfg = Debug|x64
		{4154B98F-8E14-377D-9CE5-97243EDB563A}.Debug|x64.Build.0 = Debug|x64
		{4154B98F-8E14-377D-9CE5-97243EDB563A}.Release|x64.ActiveCfg = Release|x64
		{4154B98F-8E14-377D-9CE5-97243EDB563A}.Release|x64.Build.0 = Release|x64
		{4154B98F-8E14-377D-9CE5-97243EDB563A}.MinSizeRel|x64.ActiveCfg = MinSizeRel|x64
		{4154B98F-8E14-377D-9CE5-97243EDB563A}.MinSizeRel|x64.Build.0 = MinSizeRel|x64
		{4154B98F-8E14-377D-9CE5-97243EDB563A}.RelWithDebInfo|x64.ActiveCfg = RelWithDebInfo|x64
		{4154B98F-8E14-377D-9CE5-97243EDB563A}.RelWithDebInfo|x64.Build.0 = RelWithDebInfo|x64
		{2950E763-CD53-33CF-9B23-E37F1DA45018}.Debug|x64.ActiveCfg = Debug|x64
		{2950E763-CD53-33CF-9B23-E37F1DA45018}.Debug|x64.Build.0 = Debug|x64
		{2950E763-CD53-33CF-9B23-E37F1DA45018}.Release|x64.ActiveCfg = Release|x64
		{2950E763-CD53-33CF-9B23-E37F1DA45018}.Release|x64.Build.0 = Release|x64
		{2950E763-CD53-33CF-9B23-E37F1DA45018}.MinSizeRel|x64.ActiveCfg = MinSizeRel|x64
		{2950E763-CD53-33CF-9B23-E37F1DA45018}.MinSizeRel|x64.Build.0 = MinSizeRel|x64
		{2950E763-CD53-33CF-9B23-E37F1DA45018}.RelWithDebInfo|x64.ActiveCfg = RelWithDebInfo|x64
		{2950E763-CD53-33CF-9B23-E37F1DA45018}.RelWithDebInfo|x64.Build.0 = RelWithDebInfo|x64
		{6732C656-AAB4-327E-BFE1-35E3262A7007}.Debug|x64.ActiveCfg = Debug|x64
		{6732C656-AAB4-327E-BFE1-35E3262A7007}.Release|x64.ActiveCfg = Release|x64
		{6732C656-AAB4-327E-BFE1-35E3262A7007}.MinSizeRel|x64.ActiveCfg = MinSizeRel|x64
		{6732C656-AAB4-327E-BFE1-35E3262A7007}.RelWithDebInfo|x64.ActiveCfg = RelWithDebInfo|x64
		{5746BD00-34CE-36E7-8E8B-C377F7654BEC}.Debug|x64.ActiveCfg = Debug|x64
		{5746BD00-34CE-36E7-8E8B-C377F7654BEC}.Release|x64.ActiveCfg = Release|x64
		{5746BD00-34CE-36E7-8E8B-C377F7654BEC}.MinSizeRel|x64.ActiveCfg = MinSizeRel|x64
		{5746BD00-34CE-36E7-8E8B-C377F7654BEC}.RelWithDebInfo|x64.ActiveCfg = RelWithDebInfo|x64
		{C5DBEB00-870D-3DC3-9669-44575E932B4D}.Debug|x64.ActiveCfg = Debug|x64
		{C5DBEB00-870D-3DC3-9669-44575E932B4D}.Debug|x64.Build.0 = Debug|x64
		{C5DBEB00-870D-3DC3-9669-44575E932B4D}.Release|x64.ActiveCfg = Release|x64
		{C5DBEB00-870D-3DC3-9669-44575E932B4D}.Release|x64.Build.0 = Release|x64
		{C5DBEB00-870D-3DC3-9669-44575E932B4D}.MinSizeRel|x64.ActiveCfg = MinSizeRel|x64
		{C5DBEB00-870D-3DC3-9669-44575E932B4D}.MinSizeRel|x64.Build.0 = MinSizeRel|x64
		{C5DBEB00-870D-3DC3-9669-44575E932B4D}.RelWithDebInfo|x64.ActiveCfg = RelWithDebInfo|x64
		{C5DBEB00-870D-3DC3-9669-44575E932B4D}.RelWithDebInfo|x64.Build.0 = RelWithDebInfo|x64
		{5C257296-DB54-32D7-ACAC-B2F9AC0A53C1}.Debug|x64.ActiveCfg = Debug|x64
		{5C257296-DB54-32D7-ACAC-B2F9AC0A53C1}.Debug|x64.Build.0 = Debug|x64
		{5C257296-DB54-32D7-ACAC-B2F9AC0A53C1}.Release|x64.ActiveCfg = Release|x64
		{5C257296-DB54-32D7-ACAC-B2F9AC0A53C1}.Release|x64.Build.0 = Release|x64
		{5C257296-DB54-32D7-ACAC-B2F9AC0A53C1}.MinSizeRel|x64.ActiveCfg = MinSizeRel|x64
		{5C257296-DB54-32D7-ACAC-B2F9AC0A53C1}.MinSizeRel|x64.Build.0 = MinSizeRel|x64
		{5C257296-DB54-32D7-ACAC-B2F9AC0A53C1}.RelWithDebInfo|x64.ActiveCfg = RelWithDebInfo|x64
		{5C257296-DB54-32D7-ACAC-B2F9AC0A53C1}.RelWithDebInfo|x64.Build.0 = RelWithDebInfo|x64
		{F850D84F-436D-336B-80B8-6C38B2314883}.Debug|x64.ActiveCfg = Debug|x64
		{F850D84F-436D-336B-80B8-6C38B2314883}.Debug|x64.Build.0 = Debug|x64
		{F850D84F-436D-336B-80B8-6C38B2314883}.Release|x64.ActiveCfg = Release|x64
		{F850D84F-436D-336B-80B8-6C38B2314883}.Release|x64.Build.0 = Release|x64
		{F850D84F-436D-336B-80B8-6C38B2314883}.MinSizeRel|x64.ActiveCfg = MinSizeRel|x64
		{F850D84F-436D-336B-80B8-6C38B2314883}.MinSizeRel|x64.Build.0 = MinSizeRel|x64
		{F850D84F-436D-336B-80B8-6C38B2314883}.RelWithDebInfo|x64.ActiveCfg = RelWithDebInfo|x64
		{F850D84F-436D-336B-80B8-6C38B2314883}.RelWithDebInfo|x64.Build.0 = RelWithDebInfo|x64
	EndGlobalSection
	GlobalSection(NestedProjects) = preSolution
		{803671B4-FFB7-358F-ADF2-C104452A9CB6} = {D6C7CABA-5C2F-3826-8B6E-AB0CCBA4D36B}
		{34BDC7C3-BE7F-30F4-9C32-70498AD35A9E} = {D6C7CABA-5C2F-3826-8B6E-AB0CCBA4D36B}
		{801D98A7-8336-37BB-B80A-FDD39A763746} = {D6C7CABA-5C2F-3826-8B6E-AB0CCBA4D36B}
		{B5BE43D3-DC32-3577-8986-1692F51B0E9D} = {E30EFE46-BF5D-3A5D-BC2D-32602CE18C1B}
		{3131403C-CA34-3B83-AF8D-3FDDDCEF5617} = {E30EFE46-BF5D-3A5D-BC2D-32602CE18C1B}
		{3CEF3539-3005-3E27-9C15-C39AF6B57822} = {E30EFE46-BF5D-3A5D-BC2D-32602CE18C1B}
		{6732C656-AAB4-327E-BFE1-35E3262A7007} = {E30EFE46-BF5D-3A5D-BC2D-32602CE18C1B}
		{5746BD00-34CE-36E7-8E8B-C377F7654BEC} = {E30EFE46-BF5D-3A5D-BC2D-32602CE18C1B}
		{50998DCF-8A77-3EA5-8906-601FB659C00D} = {B5BE43D3-DC32-3577-8986-1692F51B0E9D}
		{EA1E3F62-43EA-39F9-B752-05B9D23AFF4A} = {B5BE43D3-DC32-3577-8986-1692F51B0E9D}
		{E23CF094-70A8-3E79-88EF-4B00DBA29810} = {B5BE43D3-DC32-3577-8986-1692F51B0E9D}
		{355D60ED-EF33-3C02-8FAD-83FF76B70805} = {B5BE43D3-DC32-3577-8986-1692F51B0E9D}
		{16E2358A-335D-3BCB-B374-ACAA83AE5D55} = {B5BE43D3-DC32-3577-8986-1692F51B0E9D}
		{BFA1B5A1-A302-3D30-A6F7-B324AA413A28} = {B5BE43D3-DC32-3577-8986-1692F51B0E9D}
		{DDFBB901-C763-3EC8-9096-75FDCFF1D3C6} = {B5BE43D3-DC32-3577-8986-1692F51B0E9D}
		{142688E3-530A-3EA5-992E-997327FD878A} = {B5BE43D3-DC32-3577-8986-1692F51B0E9D}
		{4154B98F-8E14-377D-9CE5-97243EDB563A} = {B5BE43D3-DC32-3577-8986-1692F51B0E9D}
		{C5DBEB00-870D-3DC3-9669-44575E932B4D} = {B5BE43D3-DC32-3577-8986-1692F51B0E9D}
		{F850D84F-436D-336B-80B8-6C38B2314883} = {B5BE43D3-DC32-3577-8986-1692F51B0E9D}
		{65E6D856-ECDF-3424-B6C2-FE845BC4D6DB} = {3131403C-CA34-3B83-AF8D-3FDDDCEF5617}
		{1B9C94E5-F22C-394A-8241-E320FEA7A896} = {3131403C-CA34-3B83-AF8D-3FDDDCEF5617}
		{CAA47AEA-60E2-3DBB-B98C-F1D4AA426A1E} = {3131403C-CA34-3B83-AF8D-3FDDDCEF5617}
		{3F1937CD-5595-37F3-9EF0-7471FD52E919} = {3131403C-CA34-3B83-AF8D-3FDDDCEF5617}
		{7B546079-2651-3C6A-9B08-881DB365D20C} = {3131403C-CA34-3B83-AF8D-3FDDDCEF5617}
		{20E1E506-9033-3159-AA10-27930BCA5928} = {3131403C-CA34-3B83-AF8D-3FDDDCEF5617}
		{FC962E8A-540F-347D-9C76-B12BC40591D7} = {3131403C-CA34-3B83-AF8D-3FDDDCEF5617}
		{075C900F-8D22-33A5-8FF1-0DDFD6DA1797} = {3131403C-CA34-3B83-AF8D-3FDDDCEF5617}
		{CD719BA4-8F65-3A6C-BC3F-DA60EAC2DDD4} = {3131403C-CA34-3B83-AF8D-3FDDDCEF5617}
		{3F64A679-542F-3783-96F5-D8BCFFDBC0E1} = {3131403C-CA34-3B83-AF8D-3FDDDCEF5617}
		{1DAA753F-5A97-387E-A4C5-1DCEF27AD92B} = {3131403C-CA34-3B83-AF8D-3FDDDCEF5617}
		{C98B706E-9C11-3A0E-84F4-4CAF40BD383E} = {3131403C-CA34-3B83-AF8D-3FDDDCEF5617}
		{450C8924-9CEB-3F2D-8689-5225CDADD0E5} = {3131403C-CA34-3B83-AF8D-3FDDDCEF5617}
		{C5EA4889-2A3A-3B8A-BD6A-FA0EFB0C9C02} = {3131403C-CA34-3B83-AF8D-3FDDDCEF5617}
		{91E3B9FD-A318-3A77-BD25-CECCB37E4526} = {3131403C-CA34-3B83-AF8D-3FDDDCEF5617}
		{E23B9F9E-3732-3202-8A1B-B4BD3042DC9E} = {3131403C-CA34-3B83-AF8D-3FDDDCEF5617}
		{9E62270E-3429-3C1A-A380-BEEAD2D382D3} = {3131403C-CA34-3B83-AF8D-3FDDDCEF5617}
		{671D78E9-EC46-3D5A-B265-6E7FC231EDFA} = {3131403C-CA34-3B83-AF8D-3FDDDCEF5617}
		{2950E763-CD53-33CF-9B23-E37F1DA45018} = {3131403C-CA34-3B83-AF8D-3FDDDCEF5617}
		{5C257296-DB54-32D7-ACAC-B2F9AC0A53C1} = {3131403C-CA34-3B83-AF8D-3FDDDCEF5617}
	EndGlobalSection
	GlobalSection(ExtensibilityGlobals) = postSolution
		SolutionGuid = {B43B0D61-59E4-3289-B6F8-240544BC1C98}
	EndGlobalSection
	GlobalSection(ExtensibilityAddIns) = postSolution
	EndGlobalSection
EndGlobal
