<?xml version="1.0" encoding="utf-8"?>
<Project ToolsVersion="17.0" xmlns="http://schemas.microsoft.com/developer/msbuild/2003">
  <ItemGroup>
    <CustomBuild Include="C:\Users\svenv\Documents\GitHub\OpenGLThingy\glfw_build\CMakeFiles\02b59ad49b3a2dd2a6add3b41a88ded6\INSTALL_force.rule">
      <Filter>CMake Rules</Filter>
    </CustomBuild>
  </ItemGroup>
  <ItemGroup>
    <Filter Include="CMake Rules">
      <UniqueIdentifier>{FC3955BA-840C-3C5C-BA57-4EC188150811}</UniqueIdentifier>
    </Filter>
  </ItemGroup>
</Project>
