<?xml version="1.0" encoding="utf-8"?>
<Project ToolsVersion="17.0" xmlns="http://schemas.microsoft.com/developer/msbuild/2003">
  <ItemGroup>
    <CustomBuild Include="C:\Users\svenv\Documents\GitHub\OpenGLThingy\glfw_build\CMakeFiles\a55d4278395af7b30f6974981808bf3d\update_mappings.rule">
      <Filter>CMake Rules</Filter>
    </CustomBuild>
    <CustomBuild Include="C:\Users\svenv\Documents\GitHub\OpenGLThingy\glfw-3.4\src\CMakeLists.txt" />
  </ItemGroup>
  <ItemGroup>
    <None Include="C:\Users\svenv\Documents\GitHub\OpenGLThingy\glfw-3.4\src\mappings.h.in">
      <Filter>Header Files</Filter>
    </None>
    <None Include="C:\Users\svenv\Documents\GitHub\OpenGLThingy\glfw-3.4\CMake\GenerateMappings.cmake" />
    <None Include="C:\Users\svenv\Documents\GitHub\OpenGLThingy\glfw_build\src\CMakeFiles\update_mappings" />
  </ItemGroup>
  <ItemGroup>
    <Filter Include="CMake Rules">
      <UniqueIdentifier>{FC3955BA-840C-3C5C-BA57-4EC188150811}</UniqueIdentifier>
    </Filter>
    <Filter Include="Header Files">
      <UniqueIdentifier>{73C0F23A-441A-38C3-8C97-321DF7574360}</UniqueIdentifier>
    </Filter>
  </ItemGroup>
</Project>
